lockfileVersion: 5.4

specifiers:
  typescript: ^4.7.2
  zerilog: ^1.0.1

dependencies:
  zerilog: 1.0.1

devDependencies:
  typescript: 4.7.2

packages:

  /typescript/4.7.2:
    resolution: {integrity: sha512-Mamb1iX2FDUpcTRzltPxgWMKy3fhg0TN378ylbktPGPK/99KbDtMQ4W1hwgsbPAsG3a0xKa1vmw4VKZQbkvz5A==}
    engines: {node: '>=4.2.0'}
    hasBin: true
    dev: true

  /zerilog/1.0.1:
    resolution: {integrity: sha512-CMviqE2QkfFQfITcYX4dEunz+GqAElPLFh3qAo8ll7C4NkLQ7JwobJO8HVbCZI03Tec4sqZyTHKFfWH4qvM/AQ==}
    dev: false
